// !$*UTF8*$!
{
	archiveVersion = 1;
	classes = {
	};
	objectVersion = 46;
	objects = {

/* Begin PBXBuildFile section */
		2D1FBEFFFE6696E9BCC92DA7 /* Pods_DYTVTests.framework in Frameworks */ = {isa = PBXBuildFile; fileRef = 841F9ED15D313854D56140E7 /* Pods_DYTVTests.framework */; };
		4E1027BB1DC6D5AE0019BEC7 /* PageContentView.swift in Sources */ = {isa = PBXBuildFile; fileRef = 4E1027BA1DC6D5AE0019BEC7 /* PageContentView.swift */; };
		4E1027BD1DC6DB0F0019BEC7 /* UIColor-Extension.swift in Sources */ = {isa = PBXBuildFile; fileRef = 4E1027BC1DC6DB0F0019BEC7 /* UIColor-Extension.swift */; };
		4E12F5601DC86AC5001E4D1B /* RecommendViewController.swift in Sources */ = {isa = PBXBuildFile; fileRef = 4E12F55F1DC86AC5001E4D1B /* RecommendViewController.swift */; };
		4E2057A91DCAD7F500A76C0E /* NetworkTools.swift in Sources */ = {isa = PBXBuildFile; fileRef = 4E2057A81DCAD7F500A76C0E /* NetworkTools.swift */; };
		4E2057AC1DCAE3A900A76C0E /* RecommenViewModel.swift in Sources */ = {isa = PBXBuildFile; fileRef = 4E2057AB1DCAE3A900A76C0E /* RecommenViewModel.swift */; };
		4E2057AE1DCAEB8600A76C0E /* NSDate-Extension.swift in Sources */ = {isa = PBXBuildFile; fileRef = 4E2057AD1DCAEB8600A76C0E /* NSDate-Extension.swift */; };
		4E2057B01DCB0ADC00A76C0E /* AnchorGroup.swift in Sources */ = {isa = PBXBuildFile; fileRef = 4E2057AF1DCB0ADC00A76C0E /* AnchorGroup.swift */; };
		4E2057B21DCB17D600A76C0E /* AnchorModel.swift in Sources */ = {isa = PBXBuildFile; fileRef = 4E2057B11DCB17D600A76C0E /* AnchorModel.swift */; };
		4E54A43B1DC2E04500072FDE /* Home.storyboard in Resources */ = {isa = PBXBuildFile; fileRef = 4E54A4391DC2E04500072FDE /* Home.storyboard */; };
		4E54A43D1DC2E09900072FDE /* Live.storyboard in Resources */ = {isa = PBXBuildFile; fileRef = 4E54A43C1DC2E09900072FDE /* Live.storyboard */; };
		4E54A4401DC2E0B100072FDE /* Follow.storyboard in Resources */ = {isa = PBXBuildFile; fileRef = 4E54A43E1DC2E0B100072FDE /* Follow.storyboard */; };
		4E54A4421DC2E0DE00072FDE /* Profile.storyboard in Resources */ = {isa = PBXBuildFile; fileRef = 4E54A4411DC2E0DE00072FDE /* Profile.storyboard */; };
		4E54A4441DC2E6BB00072FDE /* MainViewController.swift in Sources */ = {isa = PBXBuildFile; fileRef = 4E54A4431DC2E6BB00072FDE /* MainViewController.swift */; };
		4E54A4551DC2F04C00072FDE /* HomeViewController.swift in Sources */ = {isa = PBXBuildFile; fileRef = 4E54A4541DC2F04C00072FDE /* HomeViewController.swift */; };
		4E54A4581DC325DC00072FDE /* UIBarButtonItem-Extension.swift in Sources */ = {isa = PBXBuildFile; fileRef = 4E54A4571DC325DC00072FDE /* UIBarButtonItem-Extension.swift */; };
		4E54A45A1DC339AB00072FDE /* PageTitleView.swift in Sources */ = {isa = PBXBuildFile; fileRef = 4E54A4591DC339AB00072FDE /* PageTitleView.swift */; };
		4E54A45C1DC33CFE00072FDE /* Common.swift in Sources */ = {isa = PBXBuildFile; fileRef = 4E54A45B1DC33CFE00072FDE /* Common.swift */; };
		4E56A2D41DC973AF004C5FA8 /* CollectionHeaderView.swift in Sources */ = {isa = PBXBuildFile; fileRef = 4E56A2D21DC973AE004C5FA8 /* CollectionHeaderView.swift */; };
		4E56A2D51DC973AF004C5FA8 /* CollectionHeaderView.xib in Resources */ = {isa = PBXBuildFile; fileRef = 4E56A2D31DC973AE004C5FA8 /* CollectionHeaderView.xib */; };
		4E56A2D81DC97CBF004C5FA8 /* CollectionNormalCell.swift in Sources */ = {isa = PBXBuildFile; fileRef = 4E56A2D61DC97CBF004C5FA8 /* CollectionNormalCell.swift */; };
		4E56A2D91DC97CBF004C5FA8 /* CollectionNormalCell.xib in Resources */ = {isa = PBXBuildFile; fileRef = 4E56A2D71DC97CBF004C5FA8 /* CollectionNormalCell.xib */; };
		4E56A2DC1DC98865004C5FA8 /* CollectionPrettyCell.swift in Sources */ = {isa = PBXBuildFile; fileRef = 4E56A2DA1DC98865004C5FA8 /* CollectionPrettyCell.swift */; };
		4E56A2DD1DC98865004C5FA8 /* CollectionPrettyCell.xib in Resources */ = {isa = PBXBuildFile; fileRef = 4E56A2DB1DC98865004C5FA8 /* CollectionPrettyCell.xib */; };
		4E8F50E71DC1E3C3001303AD /* AppDelegate.swift in Sources */ = {isa = PBXBuildFile; fileRef = 4E8F50E61DC1E3C3001303AD /* AppDelegate.swift */; };
		4E8F50EC1DC1E3C3001303AD /* Main.storyboard in Resources */ = {isa = PBXBuildFile; fileRef = 4E8F50EA1DC1E3C3001303AD /* Main.storyboard */; };
		4E8F50EE1DC1E3C4001303AD /* Assets.xcassets in Resources */ = {isa = PBXBuildFile; fileRef = 4E8F50ED1DC1E3C4001303AD /* Assets.xcassets */; };
		4E8F50F11DC1E3C4001303AD /* LaunchScreen.storyboard in Resources */ = {isa = PBXBuildFile; fileRef = 4E8F50EF1DC1E3C4001303AD /* LaunchScreen.storyboard */; };
		4E8F50FC1DC1E3C5001303AD /* DYTVTests.swift in Sources */ = {isa = PBXBuildFile; fileRef = 4E8F50FB1DC1E3C5001303AD /* DYTVTests.swift */; };
		4E8F51071DC1E3C5001303AD /* DYTVUITests.swift in Sources */ = {isa = PBXBuildFile; fileRef = 4E8F51061DC1E3C5001303AD /* DYTVUITests.swift */; };
		4EA9EE901DCC6736004793B7 /* CollectionBaseCell.swift in Sources */ = {isa = PBXBuildFile; fileRef = 4EA9EE8F1DCC6735004793B7 /* CollectionBaseCell.swift */; };
		4EA9EE921DCC705E004793B7 /* RecommendCycleView.swift in Sources */ = {isa = PBXBuildFile; fileRef = 4EA9EE911DCC705E004793B7 /* RecommendCycleView.swift */; };
		4EA9EE941DCC709F004793B7 /* RecommendCycleView.xib in Resources */ = {isa = PBXBuildFile; fileRef = 4EA9EE931DCC709F004793B7 /* RecommendCycleView.xib */; };
		61ABA93127AFE159F3CAA715 /* Pods_DYTVUITests.framework in Frameworks */ = {isa = PBXBuildFile; fileRef = E32AEABD5B7F9E45FE16FD99 /* Pods_DYTVUITests.framework */; };
		C56675E390C2BF01BCBFEB34 /* Pods_DYTV.framework in Frameworks */ = {isa = PBXBuildFile; fileRef = D6B5ACEA58362EC4A9C64115 /* Pods_DYTV.framework */; };
/* End PBXBuildFile section */

/* Begin PBXContainerItemProxy section */
		4E8F50F81DC1E3C5001303AD /* PBXContainerItemProxy */ = {
			isa = PBXContainerItemProxy;
			containerPortal = 4E8F50DB1DC1E3C2001303AD /* Project object */;
			proxyType = 1;
			remoteGlobalIDString = 4E8F50E21DC1E3C3001303AD;
			remoteInfo = DYTV;
		};
		4E8F51031DC1E3C5001303AD /* PBXContainerItemProxy */ = {
			isa = PBXContainerItemProxy;
			containerPortal = 4E8F50DB1DC1E3C2001303AD /* Project object */;
			proxyType = 1;
			remoteGlobalIDString = 4E8F50E21DC1E3C3001303AD;
			remoteInfo = DYTV;
		};
/* End PBXContainerItemProxy section */

/* Begin PBXFileReference section */
		4E1027BA1DC6D5AE0019BEC7 /* PageContentView.swift */ = {isa = PBXFileReference; fileEncoding = 4; lastKnownFileType = sourcecode.swift; path = PageContentView.swift; sourceTree = "<group>"; };
		4E1027BC1DC6DB0F0019BEC7 /* UIColor-Extension.swift */ = {isa = PBXFileReference; fileEncoding = 4; lastKnownFileType = sourcecode.swift; path = "UIColor-Extension.swift"; sourceTree = "<group>"; };
		4E12F55F1DC86AC5001E4D1B /* RecommendViewController.swift */ = {isa = PBXFileReference; fileEncoding = 4; lastKnownFileType = sourcecode.swift; path = RecommendViewController.swift; sourceTree = "<group>"; };
		4E2057A81DCAD7F500A76C0E /* NetworkTools.swift */ = {isa = PBXFileReference; fileEncoding = 4; lastKnownFileType = sourcecode.swift; path = NetworkTools.swift; sourceTree = "<group>"; };
		4E2057AB1DCAE3A900A76C0E /* RecommenViewModel.swift */ = {isa = PBXFileReference; fileEncoding = 4; lastKnownFileType = sourcecode.swift; path = RecommenViewModel.swift; sourceTree = "<group>"; };
		4E2057AD1DCAEB8600A76C0E /* NSDate-Extension.swift */ = {isa = PBXFileReference; fileEncoding = 4; lastKnownFileType = sourcecode.swift; path = "NSDate-Extension.swift"; sourceTree = "<group>"; };
		4E2057AF1DCB0ADC00A76C0E /* AnchorGroup.swift */ = {isa = PBXFileReference; fileEncoding = 4; lastKnownFileType = sourcecode.swift; path = AnchorGroup.swift; sourceTree = "<group>"; };
		4E2057B11DCB17D600A76C0E /* AnchorModel.swift */ = {isa = PBXFileReference; fileEncoding = 4; lastKnownFileType = sourcecode.swift; path = AnchorModel.swift; sourceTree = "<group>"; };
		4E54A43A1DC2E04500072FDE /* Base */ = {isa = PBXFileReference; lastKnownFileType = file.storyboard; name = Base; path = DYTV/Base.lproj/Home.storyboard; sourceTree = SOURCE_ROOT; };
		4E54A43C1DC2E09900072FDE /* Live.storyboard */ = {isa = PBXFileReference; fileEncoding = 4; lastKnownFileType = file.storyboard; name = Live.storyboard; path = ../../Main/Live.storyboard; sourceTree = "<group>"; };
		4E54A43F1DC2E0B100072FDE /* Base */ = {isa = PBXFileReference; lastKnownFileType = file.storyboard; name = Base; path = DYTV/Base.lproj/Follow.storyboard; sourceTree = SOURCE_ROOT; };
		4E54A4411DC2E0DE00072FDE /* Profile.storyboard */ = {isa = PBXFileReference; fileEncoding = 4; lastKnownFileType = file.storyboard; name = Profile.storyboard; path = ../../Main/Profile.storyboard; sourceTree = "<group>"; };
		4E54A4431DC2E6BB00072FDE /* MainViewController.swift */ = {isa = PBXFileReference; fileEncoding = 4; lastKnownFileType = sourcecode.swift; name = MainViewController.swift; path = ../MainViewController.swift; sourceTree = "<group>"; };
		4E54A4541DC2F04C00072FDE /* HomeViewController.swift */ = {isa = PBXFileReference; fileEncoding = 4; lastKnownFileType = sourcecode.swift; path = HomeViewController.swift; sourceTree = "<group>"; };
		4E54A4571DC325DC00072FDE /* UIBarButtonItem-Extension.swift */ = {isa = PBXFileReference; fileEncoding = 4; lastKnownFileType = sourcecode.swift; path = "UIBarButtonItem-Extension.swift"; sourceTree = "<group>"; };
		4E54A4591DC339AB00072FDE /* PageTitleView.swift */ = {isa = PBXFileReference; fileEncoding = 4; lastKnownFileType = sourcecode.swift; path = PageTitleView.swift; sourceTree = "<group>"; };
		4E54A45B1DC33CFE00072FDE /* Common.swift */ = {isa = PBXFileReference; fileEncoding = 4; lastKnownFileType = sourcecode.swift; path = Common.swift; sourceTree = "<group>"; };
		4E56A2D21DC973AE004C5FA8 /* CollectionHeaderView.swift */ = {isa = PBXFileReference; fileEncoding = 4; lastKnownFileType = sourcecode.swift; path = CollectionHeaderView.swift; sourceTree = "<group>"; };
		4E56A2D31DC973AE004C5FA8 /* CollectionHeaderView.xib */ = {isa = PBXFileReference; fileEncoding = 4; lastKnownFileType = file.xib; path = CollectionHeaderView.xib; sourceTree = "<group>"; };
		4E56A2D61DC97CBF004C5FA8 /* CollectionNormalCell.swift */ = {isa = PBXFileReference; fileEncoding = 4; lastKnownFileType = sourcecode.swift; path = CollectionNormalCell.swift; sourceTree = "<group>"; };
		4E56A2D71DC97CBF004C5FA8 /* CollectionNormalCell.xib */ = {isa = PBXFileReference; fileEncoding = 4; lastKnownFileType = file.xib; path = CollectionNormalCell.xib; sourceTree = "<group>"; };
		4E56A2DA1DC98865004C5FA8 /* CollectionPrettyCell.swift */ = {isa = PBXFileReference; fileEncoding = 4; lastKnownFileType = sourcecode.swift; path = CollectionPrettyCell.swift; sourceTree = "<group>"; };
		4E56A2DB1DC98865004C5FA8 /* CollectionPrettyCell.xib */ = {isa = PBXFileReference; fileEncoding = 4; lastKnownFileType = file.xib; path = CollectionPrettyCell.xib; sourceTree = "<group>"; };
		4E8F50E31DC1E3C3001303AD /* DYTV.app */ = {isa = PBXFileReference; explicitFileType = wrapper.application; includeInIndex = 0; path = DYTV.app; sourceTree = BUILT_PRODUCTS_DIR; };
		4E8F50E61DC1E3C3001303AD /* AppDelegate.swift */ = {isa = PBXFileReference; lastKnownFileType = sourcecode.swift; path = AppDelegate.swift; sourceTree = "<group>"; };
		4E8F50EB1DC1E3C3001303AD /* Base */ = {isa = PBXFileReference; lastKnownFileType = file.storyboard; name = Base; path = Base.lproj/Main.storyboard; sourceTree = "<group>"; };
		4E8F50ED1DC1E3C4001303AD /* Assets.xcassets */ = {isa = PBXFileReference; lastKnownFileType = folder.assetcatalog; path = Assets.xcassets; sourceTree = "<group>"; };
		4E8F50F01DC1E3C4001303AD /* Base */ = {isa = PBXFileReference; lastKnownFileType = file.storyboard; name = Base; path = Base.lproj/LaunchScreen.storyboard; sourceTree = "<group>"; };
		4E8F50F21DC1E3C4001303AD /* Info.plist */ = {isa = PBXFileReference; lastKnownFileType = text.plist.xml; path = Info.plist; sourceTree = "<group>"; };
		4E8F50F71DC1E3C5001303AD /* DYTVTests.xctest */ = {isa = PBXFileReference; explicitFileType = wrapper.cfbundle; includeInIndex = 0; path = DYTVTests.xctest; sourceTree = BUILT_PRODUCTS_DIR; };
		4E8F50FB1DC1E3C5001303AD /* DYTVTests.swift */ = {isa = PBXFileReference; lastKnownFileType = sourcecode.swift; path = DYTVTests.swift; sourceTree = "<group>"; };
		4E8F50FD1DC1E3C5001303AD /* Info.plist */ = {isa = PBXFileReference; lastKnownFileType = text.plist.xml; path = Info.plist; sourceTree = "<group>"; };
		4E8F51021DC1E3C5001303AD /* DYTVUITests.xctest */ = {isa = PBXFileReference; explicitFileType = wrapper.cfbundle; includeInIndex = 0; path = DYTVUITests.xctest; sourceTree = BUILT_PRODUCTS_DIR; };
		4E8F51061DC1E3C5001303AD /* DYTVUITests.swift */ = {isa = PBXFileReference; lastKnownFileType = sourcecode.swift; path = DYTVUITests.swift; sourceTree = "<group>"; };
		4E8F51081DC1E3C5001303AD /* Info.plist */ = {isa = PBXFileReference; lastKnownFileType = text.plist.xml; path = Info.plist; sourceTree = "<group>"; };
		4EA9EE8F1DCC6735004793B7 /* CollectionBaseCell.swift */ = {isa = PBXFileReference; fileEncoding = 4; lastKnownFileType = sourcecode.swift; path = CollectionBaseCell.swift; sourceTree = "<group>"; };
		4EA9EE911DCC705E004793B7 /* RecommendCycleView.swift */ = {isa = PBXFileReference; fileEncoding = 4; lastKnownFileType = sourcecode.swift; path = RecommendCycleView.swift; sourceTree = "<group>"; };
		4EA9EE931DCC709F004793B7 /* RecommendCycleView.xib */ = {isa = PBXFileReference; fileEncoding = 4; lastKnownFileType = file.xib; path = RecommendCycleView.xib; sourceTree = "<group>"; };
		6F3C4B30298BCFE6C3B88D4E /* Pods-DYTV.debug.xcconfig */ = {isa = PBXFileReference; includeInIndex = 1; lastKnownFileType = text.xcconfig; name = "Pods-DYTV.debug.xcconfig"; path = "Pods/Target Support Files/Pods-DYTV/Pods-DYTV.debug.xcconfig"; sourceTree = "<group>"; };
		841F9ED15D313854D56140E7 /* Pods_DYTVTests.framework */ = {isa = PBXFileReference; explicitFileType = wrapper.framework; includeInIndex = 0; path = Pods_DYTVTests.framework; sourceTree = BUILT_PRODUCTS_DIR; };
		96A6CF5B00C6E0E6AE71D5AA /* Pods-DYTVUITests.release.xcconfig */ = {isa = PBXFileReference; includeInIndex = 1; lastKnownFileType = text.xcconfig; name = "Pods-DYTVUITests.release.xcconfig"; path = "Pods/Target Support Files/Pods-DYTVUITests/Pods-DYTVUITests.release.xcconfig"; sourceTree = "<group>"; };
		AD8DB6DA62CF4927C2392E53 /* Pods-DYTVUITests.debug.xcconfig */ = {isa = PBXFileReference; includeInIndex = 1; lastKnownFileType = text.xcconfig; name = "Pods-DYTVUITests.debug.xcconfig"; path = "Pods/Target Support Files/Pods-DYTVUITests/Pods-DYTVUITests.debug.xcconfig"; sourceTree = "<group>"; };
		C7DD2D3A9F0D711ADB54B060 /* Pods-DYTV.release.xcconfig */ = {isa = PBXFileReference; includeInIndex = 1; lastKnownFileType = text.xcconfig; name = "Pods-DYTV.release.xcconfig"; path = "Pods/Target Support Files/Pods-DYTV/Pods-DYTV.release.xcconfig"; sourceTree = "<group>"; };
		D6B5ACEA58362EC4A9C64115 /* Pods_DYTV.framework */ = {isa = PBXFileReference; explicitFileType = wrapper.framework; includeInIndex = 0; path = Pods_DYTV.framework; sourceTree = BUILT_PRODUCTS_DIR; };
		DD3138C99A42416374CCB5E0 /* Pods-DYTVTests.release.xcconfig */ = {isa = PBXFileReference; includeInIndex = 1; lastKnownFileType = text.xcconfig; name = "Pods-DYTVTests.release.xcconfig"; path = "Pods/Target Support Files/Pods-DYTVTests/Pods-DYTVTests.release.xcconfig"; sourceTree = "<group>"; };
		DFB2F6D18A41DD03D5F0AFC7 /* Pods-DYTVTests.debug.xcconfig */ = {isa = PBXFileReference; includeInIndex = 1; lastKnownFileType = text.xcconfig; name = "Pods-DYTVTests.debug.xcconfig"; path = "Pods/Target Support Files/Pods-DYTVTests/Pods-DYTVTests.debug.xcconfig"; sourceTree = "<group>"; };
		E32AEABD5B7F9E45FE16FD99 /* Pods_DYTVUITests.framework */ = {isa = PBXFileReference; explicitFileType = wrapper.framework; includeInIndex = 0; path = Pods_DYTVUITests.framework; sourceTree = BUILT_PRODUCTS_DIR; };
/* End PBXFileReference section */

/* Begin PBXFrameworksBuildPhase section */
		4E8F50E01DC1E3C3001303AD /* Frameworks */ = {
			isa = PBXFrameworksBuildPhase;
			buildActionMask = 2147483647;
			files = (
				C56675E390C2BF01BCBFEB34 /* Pods_DYTV.framework in Frameworks */,
			);
			runOnlyForDeploymentPostprocessing = 0;
		};
		4E8F50F41DC1E3C5001303AD /* Frameworks */ = {
			isa = PBXFrameworksBuildPhase;
			buildActionMask = 2147483647;
			files = (
				2D1FBEFFFE6696E9BCC92DA7 /* Pods_DYTVTests.framework in Frameworks */,
			);
			runOnlyForDeploymentPostprocessing = 0;
		};
		4E8F50FF1DC1E3C5001303AD /* Frameworks */ = {
			isa = PBXFrameworksBuildPhase;
			buildActionMask = 2147483647;
			files = (
				61ABA93127AFE159F3CAA715 /* Pods_DYTVUITests.framework in Frameworks */,
			);
			runOnlyForDeploymentPostprocessing = 0;
		};
/* End PBXFrameworksBuildPhase section */

/* Begin PBXGroup section */
		3A85BB845A6347CB176E8EEB /* Frameworks */ = {
			isa = PBXGroup;
			children = (
				D6B5ACEA58362EC4A9C64115 /* Pods_DYTV.framework */,
				841F9ED15D313854D56140E7 /* Pods_DYTVTests.framework */,
				E32AEABD5B7F9E45FE16FD99 /* Pods_DYTVUITests.framework */,
			);
			name = Frameworks;
			sourceTree = "<group>";
		};
		4E2057AA1DCAE35000A76C0E /* ViewModel */ = {
			isa = PBXGroup;
			children = (
				4E2057AB1DCAE3A900A76C0E /* RecommenViewModel.swift */,
			);
			path = ViewModel;
			sourceTree = "<group>";
		};
		4E54A4451DC2EE4B00072FDE /* Controller */ = {
			isa = PBXGroup;
			children = (
				4E54A4391DC2E04500072FDE /* Home.storyboard */,
				4E54A4541DC2F04C00072FDE /* HomeViewController.swift */,
				4E12F55F1DC86AC5001E4D1B /* RecommendViewController.swift */,
			);
			path = Controller;
			sourceTree = "<group>";
		};
		4E54A4461DC2EE4B00072FDE /* Model */ = {
			isa = PBXGroup;
			children = (
			);
			path = Model;
			sourceTree = "<group>";
		};
		4E54A4471DC2EE4B00072FDE /* View */ = {
			isa = PBXGroup;
			children = (
				4E56A2D21DC973AE004C5FA8 /* CollectionHeaderView.swift */,
				4E56A2D31DC973AE004C5FA8 /* CollectionHeaderView.xib */,
				4EA9EE911DCC705E004793B7 /* RecommendCycleView.swift */,
				4EA9EE931DCC709F004793B7 /* RecommendCycleView.xib */,
			);
			path = View;
			sourceTree = "<group>";
		};
		4E54A4481DC2EEA300072FDE /* Controller */ = {
			isa = PBXGroup;
			children = (
				4E8F50EA1DC1E3C3001303AD /* Main.storyboard */,
				4E54A4431DC2E6BB00072FDE /* MainViewController.swift */,
			);
			path = Controller;
			sourceTree = "<group>";
		};
		4E54A4491DC2EEA300072FDE /* Model */ = {
			isa = PBXGroup;
			children = (
				4E2057AF1DCB0ADC00A76C0E /* AnchorGroup.swift */,
				4E2057B11DCB17D600A76C0E /* AnchorModel.swift */,
			);
			path = Model;
			sourceTree = "<group>";
		};
		4E54A44A1DC2EEA300072FDE /* View */ = {
			isa = PBXGroup;
			children = (
				4E54A4591DC339AB00072FDE /* PageTitleView.swift */,
				4E1027BA1DC6D5AE0019BEC7 /* PageContentView.swift */,
				4E56A2D61DC97CBF004C5FA8 /* CollectionNormalCell.swift */,
				4E56A2D71DC97CBF004C5FA8 /* CollectionNormalCell.xib */,
				4E56A2DA1DC98865004C5FA8 /* CollectionPrettyCell.swift */,
				4E56A2DB1DC98865004C5FA8 /* CollectionPrettyCell.xib */,
				4EA9EE8F1DCC6735004793B7 /* CollectionBaseCell.swift */,
			);
			path = View;
			sourceTree = "<group>";
		};
		4E54A44B1DC2EECF00072FDE /* Controller */ = {
			isa = PBXGroup;
			children = (
				4E54A43C1DC2E09900072FDE /* Live.storyboard */,
			);
			path = Controller;
			sourceTree = "<group>";
		};
		4E54A44C1DC2EECF00072FDE /* Model */ = {
			isa = PBXGroup;
			children = (
			);
			path = Model;
			sourceTree = "<group>";
		};
		4E54A44D1DC2EECF00072FDE /* View */ = {
			isa = PBXGroup;
			children = (
			);
			path = View;
			sourceTree = "<group>";
		};
		4E54A44E1DC2EF1F00072FDE /* Controller */ = {
			isa = PBXGroup;
			children = (
				4E54A4411DC2E0DE00072FDE /* Profile.storyboard */,
			);
			path = Controller;
			sourceTree = "<group>";
		};
		4E54A44F1DC2EF1F00072FDE /* Model */ = {
			isa = PBXGroup;
			children = (
			);
			path = Model;
			sourceTree = "<group>";
		};
		4E54A4501DC2EF1F00072FDE /* View */ = {
			isa = PBXGroup;
			children = (
			);
			path = View;
			sourceTree = "<group>";
		};
		4E54A4511DC2EF2B00072FDE /* Controller */ = {
			isa = PBXGroup;
			children = (
				4E54A43E1DC2E0B100072FDE /* Follow.storyboard */,
			);
			path = Controller;
			sourceTree = "<group>";
		};
		4E54A4521DC2EF2B00072FDE /* Model */ = {
			isa = PBXGroup;
			children = (
			);
			path = Model;
			sourceTree = "<group>";
		};
		4E54A4531DC2EF2B00072FDE /* View */ = {
			isa = PBXGroup;
			children = (
			);
			path = View;
			sourceTree = "<group>";
		};
		4E54A4561DC3254800072FDE /* Extension */ = {
			isa = PBXGroup;
			children = (
				4E54A4571DC325DC00072FDE /* UIBarButtonItem-Extension.swift */,
				4E1027BC1DC6DB0F0019BEC7 /* UIColor-Extension.swift */,
				4E2057AD1DCAEB8600A76C0E /* NSDate-Extension.swift */,
			);
			path = Extension;
			sourceTree = "<group>";
		};
		4E8F50DA1DC1E3C2001303AD = {
			isa = PBXGroup;
			children = (
				4E8F50E51DC1E3C3001303AD /* DYTV */,
				4E8F50FA1DC1E3C5001303AD /* DYTVTests */,
				4E8F51051DC1E3C5001303AD /* DYTVUITests */,
				4E8F50E41DC1E3C3001303AD /* Products */,
				AE54F3072CB522A9F77D4A12 /* Pods */,
				3A85BB845A6347CB176E8EEB /* Frameworks */,
			);
			sourceTree = "<group>";
		};
		4E8F50E41DC1E3C3001303AD /* Products */ = {
			isa = PBXGroup;
			children = (
				4E8F50E31DC1E3C3001303AD /* DYTV.app */,
				4E8F50F71DC1E3C5001303AD /* DYTVTests.xctest */,
				4E8F51021DC1E3C5001303AD /* DYTVUITests.xctest */,
			);
			name = Products;
			sourceTree = "<group>";
		};
		4E8F50E51DC1E3C3001303AD /* DYTV */ = {
			isa = PBXGroup;
			children = (
				4E8F51141DC1EE8B001303AD /* Classes */,
				4E8F50E61DC1E3C3001303AD /* AppDelegate.swift */,
				4E8F50ED1DC1E3C4001303AD /* Assets.xcassets */,
				4E8F50EF1DC1E3C4001303AD /* LaunchScreen.storyboard */,
				4E8F50F21DC1E3C4001303AD /* Info.plist */,
			);
			path = DYTV;
			sourceTree = "<group>";
		};
		4E8F50FA1DC1E3C5001303AD /* DYTVTests */ = {
			isa = PBXGroup;
			children = (
				4E8F50FB1DC1E3C5001303AD /* DYTVTests.swift */,
				4E8F50FD1DC1E3C5001303AD /* Info.plist */,
			);
			path = DYTVTests;
			sourceTree = "<group>";
		};
		4E8F51051DC1E3C5001303AD /* DYTVUITests */ = {
			isa = PBXGroup;
			children = (
				4E8F51061DC1E3C5001303AD /* DYTVUITests.swift */,
				4E8F51081DC1E3C5001303AD /* Info.plist */,
			);
			path = DYTVUITests;
			sourceTree = "<group>";
		};
		4E8F51141DC1EE8B001303AD /* Classes */ = {
			isa = PBXGroup;
			children = (
				4E8F51181DC1EE8B001303AD /* Main */,
				4E8F51161DC1EE8B001303AD /* Home */,
				4E8F51171DC1EE8B001303AD /* Live */,
				4E8F51151DC1EE8B001303AD /* Follow */,
				4E8F51191DC1EE8B001303AD /* Profile */,
				4E8F511A1DC1EE8B001303AD /* Tools */,
			);
			path = Classes;
			sourceTree = "<group>";
		};
		4E8F51151DC1EE8B001303AD /* Follow */ = {
			isa = PBXGroup;
			children = (
				4E54A4521DC2EF2B00072FDE /* Model */,
				4E54A4531DC2EF2B00072FDE /* View */,
				4E54A4511DC2EF2B00072FDE /* Controller */,
			);
			path = Follow;
			sourceTree = "<group>";
		};
		4E8F51161DC1EE8B001303AD /* Home */ = {
			isa = PBXGroup;
			children = (
				4E2057AA1DCAE35000A76C0E /* ViewModel */,
				4E54A4461DC2EE4B00072FDE /* Model */,
				4E54A4471DC2EE4B00072FDE /* View */,
				4E54A4451DC2EE4B00072FDE /* Controller */,
			);
			path = Home;
			sourceTree = "<group>";
		};
		4E8F51171DC1EE8B001303AD /* Live */ = {
			isa = PBXGroup;
			children = (
				4E54A44C1DC2EECF00072FDE /* Model */,
				4E54A44D1DC2EECF00072FDE /* View */,
				4E54A44B1DC2EECF00072FDE /* Controller */,
			);
			path = Live;
			sourceTree = "<group>";
		};
		4E8F51181DC1EE8B001303AD /* Main */ = {
			isa = PBXGroup;
			children = (
				4E54A4491DC2EEA300072FDE /* Model */,
				4E54A44A1DC2EEA300072FDE /* View */,
				4E54A4481DC2EEA300072FDE /* Controller */,
			);
			path = Main;
			sourceTree = "<group>";
		};
		4E8F51191DC1EE8B001303AD /* Profile */ = {
			isa = PBXGroup;
			children = (
				4E54A44F1DC2EF1F00072FDE /* Model */,
				4E54A4501DC2EF1F00072FDE /* View */,
				4E54A44E1DC2EF1F00072FDE /* Controller */,
			);
			path = Profile;
			sourceTree = "<group>";
		};
		4E8F511A1DC1EE8B001303AD /* Tools */ = {
			isa = PBXGroup;
			children = (
				4E54A4561DC3254800072FDE /* Extension */,
				4E2057A81DCAD7F500A76C0E /* NetworkTools.swift */,
				4E54A45B1DC33CFE00072FDE /* Common.swift */,
			);
			path = Tools;
			sourceTree = "<group>";
		};
		AE54F3072CB522A9F77D4A12 /* Pods */ = {
			isa = PBXGroup;
			children = (
				6F3C4B30298BCFE6C3B88D4E /* Pods-DYTV.debug.xcconfig */,
				C7DD2D3A9F0D711ADB54B060 /* Pods-DYTV.release.xcconfig */,
				DFB2F6D18A41DD03D5F0AFC7 /* Pods-DYTVTests.debug.xcconfig */,
				DD3138C99A42416374CCB5E0 /* Pods-DYTVTests.release.xcconfig */,
				AD8DB6DA62CF4927C2392E53 /* Pods-DYTVUITests.debug.xcconfig */,
				96A6CF5B00C6E0E6AE71D5AA /* Pods-DYTVUITests.release.xcconfig */,
			);
			name = Pods;
			sourceTree = "<group>";
		};
/* End PBXGroup section */

/* Begin PBXNativeTarget section */
		4E8F50E21DC1E3C3001303AD /* DYTV */ = {
			isa = PBXNativeTarget;
			buildConfigurationList = 4E8F510B1DC1E3C5001303AD /* Build configuration list for PBXNativeTarget "DYTV" */;
			buildPhases = (
				16EB3D482541C583A750F22B /* [CP] Check Pods Manifest.lock */,
				4E8F50DF1DC1E3C3001303AD /* Sources */,
				4E8F50E01DC1E3C3001303AD /* Frameworks */,
				4E8F50E11DC1E3C3001303AD /* Resources */,
				BAC62CB8DDF961D477055D0F /* [CP] Embed Pods Frameworks */,
				C5B0C07554D4097FB63B2186 /* [CP] Copy Pods Resources */,
			);
			buildRules = (
			);
			dependencies = (
			);
			name = DYTV;
			productName = DYTV;
			productReference = 4E8F50E31DC1E3C3001303AD /* DYTV.app */;
			productType = "com.apple.product-type.application";
		};
		4E8F50F61DC1E3C5001303AD /* DYTVTests */ = {
			isa = PBXNativeTarget;
			buildConfigurationList = 4E8F510E1DC1E3C5001303AD /* Build configuration list for PBXNativeTarget "DYTVTests" */;
			buildPhases = (
				3B856CD6CB656B81FB9F487B /* [CP] Check Pods Manifest.lock */,
				4E8F50F31DC1E3C5001303AD /* Sources */,
				4E8F50F41DC1E3C5001303AD /* Frameworks */,
				4E8F50F51DC1E3C5001303AD /* Resources */,
				B3C853D15B57200EDB720C39 /* [CP] Embed Pods Frameworks */,
				0AFB900AC16B0200CCCE938E /* [CP] Copy Pods Resources */,
			);
			buildRules = (
			);
			dependencies = (
				4E8F50F91DC1E3C5001303AD /* PBXTargetDependency */,
			);
			name = DYTVTests;
			productName = DYTVTests;
			productReference = 4E8F50F71DC1E3C5001303AD /* DYTVTests.xctest */;
			productType = "com.apple.product-type.bundle.unit-test";
		};
		4E8F51011DC1E3C5001303AD /* DYTVUITests */ = {
			isa = PBXNativeTarget;
			buildConfigurationList = 4E8F51111DC1E3C5001303AD /* Build configuration list for PBXNativeTarget "DYTVUITests" */;
			buildPhases = (
				CA6DDCC4619861932EB09357 /* [CP] Check Pods Manifest.lock */,
				4E8F50FE1DC1E3C5001303AD /* Sources */,
				4E8F50FF1DC1E3C5001303AD /* Frameworks */,
				4E8F51001DC1E3C5001303AD /* Resources */,
				5B272B97D99C1B2BC2D66351 /* [CP] Embed Pods Frameworks */,
				E5FAC9934E31478018A86665 /* [CP] Copy Pods Resources */,
			);
			buildRules = (
			);
			dependencies = (
				4E8F51041DC1E3C5001303AD /* PBXTargetDependency */,
			);
			name = DYTVUITests;
			productName = DYTVUITests;
			productReference = 4E8F51021DC1E3C5001303AD /* DYTVUITests.xctest */;
			productType = "com.apple.product-type.bundle.ui-testing";
		};
/* End PBXNativeTarget section */

/* Begin PBXProject section */
		4E8F50DB1DC1E3C2001303AD /* Project object */ = {
			isa = PBXProject;
			attributes = {
				LastSwiftUpdateCheck = 0800;
				LastUpgradeCheck = 0800;
				ORGANIZATIONNAME = people2000;
				TargetAttributes = {
					4E8F50E21DC1E3C3001303AD = {
						CreatedOnToolsVersion = 8.0;
						ProvisioningStyle = Automatic;
					};
					4E8F50F61DC1E3C5001303AD = {
						CreatedOnToolsVersion = 8.0;
						ProvisioningStyle = Automatic;
						TestTargetID = 4E8F50E21DC1E3C3001303AD;
					};
					4E8F51011DC1E3C5001303AD = {
						CreatedOnToolsVersion = 8.0;
						ProvisioningStyle = Automatic;
						TestTargetID = 4E8F50E21DC1E3C3001303AD;
					};
				};
			};
			buildConfigurationList = 4E8F50DE1DC1E3C2001303AD /* Build configuration list for PBXProject "DYTV" */;
			compatibilityVersion = "Xcode 3.2";
			developmentRegion = English;
			hasScannedForEncodings = 0;
			knownRegions = (
				en,
				Base,
			);
			mainGroup = 4E8F50DA1DC1E3C2001303AD;
			productRefGroup = 4E8F50E41DC1E3C3001303AD /* Products */;
			projectDirPath = "";
			projectRoot = "";
			targets = (
				4E8F50E21DC1E3C3001303AD /* DYTV */,
				4E8F50F61DC1E3C5001303AD /* DYTVTests */,
				4E8F51011DC1E3C5001303AD /* DYTVUITests */,
			);
		};
/* End PBXProject section */

/* Begin PBXResourcesBuildPhase section */
		4E8F50E11DC1E3C3001303AD /* Resources */ = {
			isa = PBXResourcesBuildPhase;
			buildActionMask = 2147483647;
			files = (
				4E8F50F11DC1E3C4001303AD /* LaunchScreen.storyboard in Resources */,
				4E56A2D51DC973AF004C5FA8 /* CollectionHeaderView.xib in Resources */,
				4E56A2D91DC97CBF004C5FA8 /* CollectionNormalCell.xib in Resources */,
				4E8F50EE1DC1E3C4001303AD /* Assets.xcassets in Resources */,
				4E8F50EC1DC1E3C3001303AD /* Main.storyboard in Resources */,
				4E54A43D1DC2E09900072FDE /* Live.storyboard in Resources */,
				4E54A43B1DC2E04500072FDE /* Home.storyboard in Resources */,
				4EA9EE941DCC709F004793B7 /* RecommendCycleView.xib in Resources */,
				4E56A2DD1DC98865004C5FA8 /* CollectionPrettyCell.xib in Resources */,
				4E54A4421DC2E0DE00072FDE /* Profile.storyboard in Resources */,
				4E54A4401DC2E0B100072FDE /* Follow.storyboard in Resources */,
			);
			runOnlyForDeploymentPostprocessing = 0;
		};
		4E8F50F51DC1E3C5001303AD /* Resources */ = {
			isa = PBXResourcesBuildPhase;
			buildActionMask = 2147483647;
			files = (
			);
			runOnlyForDeploymentPostprocessing = 0;
		};
		4E8F51001DC1E3C5001303AD /* Resources */ = {
			isa = PBXResourcesBuildPhase;
			buildActionMask = 2147483647;
			files = (
			);
			runOnlyForDeploymentPostprocessing = 0;
		};
/* End PBXResourcesBuildPhase section */

/* Begin PBXShellScriptBuildPhase section */
		0AFB900AC16B0200CCCE938E /* [CP] Copy Pods Resources */ = {
			isa = PBXShellScriptBuildPhase;
			buildActionMask = 2147483647;
			files = (
			);
			inputPaths = (
			);
			name = "[CP] Copy Pods Resources";
			outputPaths = (
			);
			runOnlyForDeploymentPostprocessing = 0;
			shellPath = /bin/sh;
			shellScript = "\"${SRCROOT}/Pods/Target Support Files/Pods-DYTVTests/Pods-DYTVTests-resources.sh\"\n";
			showEnvVarsInLog = 0;
		};
		16EB3D482541C583A750F22B /* [CP] Check Pods Manifest.lock */ = {
			isa = PBXShellScriptBuildPhase;
			buildActionMask = 2147483647;
			files = (
			);
			inputPaths = (
			);
			name = "[CP] Check Pods Manifest.lock";
			outputPaths = (
			);
			runOnlyForDeploymentPostprocessing = 0;
			shellPath = /bin/sh;
			shellScript = "diff \"${PODS_ROOT}/../Podfile.lock\" \"${PODS_ROOT}/Manifest.lock\" > /dev/null\nif [ $? != 0 ] ; then\n    # print error to STDERR\n    echo \"error: The sandbox is not in sync with the Podfile.lock. Run 'pod install' or update your CocoaPods installation.\" >&2\n    exit 1\nfi\n";
			showEnvVarsInLog = 0;
		};
		3B856CD6CB656B81FB9F487B /* [CP] Check Pods Manifest.lock */ = {
			isa = PBXShellScriptBuildPhase;
			buildActionMask = 2147483647;
			files = (
			);
			inputPaths = (
			);
			name = "[CP] Check Pods Manifest.lock";
			outputPaths = (
			);
			runOnlyForDeploymentPostprocessing = 0;
			shellPath = /bin/sh;
			shellScript = "diff \"${PODS_ROOT}/../Podfile.lock\" \"${PODS_ROOT}/Manifest.lock\" > /dev/null\nif [ $? != 0 ] ; then\n    # print error to STDERR\n    echo \"error: The sandbox is not in sync with the Podfile.lock. Run 'pod install' or update your CocoaPods installation.\" >&2\n    exit 1\nfi\n";
			showEnvVarsInLog = 0;
		};
		5B272B97D99C1B2BC2D66351 /* [CP] Embed Pods Frameworks */ = {
			isa = PBXShellScriptBuildPhase;
			buildActionMask = 2147483647;
			files = (
			);
			inputPaths = (
			);
			name = "[CP] Embed Pods Frameworks";
			outputPaths = (
			);
			runOnlyForDeploymentPostprocessing = 0;
			shellPath = /bin/sh;
			shellScript = "\"${SRCROOT}/Pods/Target Support Files/Pods-DYTVUITests/Pods-DYTVUITests-frameworks.sh\"\n";
			showEnvVarsInLog = 0;
		};
		B3C853D15B57200EDB720C39 /* [CP] Embed Pods Frameworks */ = {
			isa = PBXShellScriptBuildPhase;
			buildActionMask = 2147483647;
			files = (
			);
			inputPaths = (
			);
			name = "[CP] Embed Pods Frameworks";
			outputPaths = (
			);
			runOnlyForDeploymentPostprocessing = 0;
			shellPath = /bin/sh;
			shellScript = "\"${SRCROOT}/Pods/Target Support Files/Pods-DYTVTests/Pods-DYTVTests-frameworks.sh\"\n";
			showEnvVarsInLog = 0;
		};
		BAC62CB8DDF961D477055D0F /* [CP] Embed Pods Frameworks */ = {
			isa = PBXShellScriptBuildPhase;
			buildActionMask = 2147483647;
			files = (
			);
			inputPaths = (
			);
			name = "[CP] Embed Pods Frameworks";
			outputPaths = (
			);
			runOnlyForDeploymentPostprocessing = 0;
			shellPath = /bin/sh;
			shellScript = "\"${SRCROOT}/Pods/Target Support Files/Pods-DYTV/Pods-DYTV-frameworks.sh\"\n";
			showEnvVarsInLog = 0;
		};
		C5B0C07554D4097FB63B2186 /* [CP] Copy Pods Resources */ = {
			isa = PBXShellScriptBuildPhase;
			buildActionMask = 2147483647;
			files = (
			);
			inputPaths = (
			);
			name = "[CP] Copy Pods Resources";
			outputPaths = (
			);
			runOnlyForDeploymentPostprocessing = 0;
			shellPath = /bin/sh;
			shellScript = "\"${SRCROOT}/Pods/Target Support Files/Pods-DYTV/Pods-DYTV-resources.sh\"\n";
			showEnvVarsInLog = 0;
		};
		CA6DDCC4619861932EB09357 /* [CP] Check Pods Manifest.lock */ = {
			isa = PBXShellScriptBuildPhase;
			buildActionMask = 2147483647;
			files = (
			);
			inputPaths = (
			);
			name = "[CP] Check Pods Manifest.lock";
			outputPaths = (
			);
			runOnlyForDeploymentPostprocessing = 0;
			shellPath = /bin/sh;
			shellScript = "diff \"${PODS_ROOT}/../Podfile.lock\" \"${PODS_ROOT}/Manifest.lock\" > /dev/null\nif [ $? != 0 ] ; then\n    # print error to STDERR\n    echo \"error: The sandbox is not in sync with the Podfile.lock. Run 'pod install' or update your CocoaPods installation.\" >&2\n    exit 1\nfi\n";
			showEnvVarsInLog = 0;
		};
		E5FAC9934E31478018A86665 /* [CP] Copy Pods Resources */ = {
			isa = PBXShellScriptBuildPhase;
			buildActionMask = 2147483647;
			files = (
			);
			inputPaths = (
			);
			name = "[CP] Copy Pods Resources";
			outputPaths = (
			);
			runOnlyForDeploymentPostprocessing = 0;
			shellPath = /bin/sh;
			shellScript = "\"${SRCROOT}/Pods/Target Support Files/Pods-DYTVUITests/Pods-DYTVUITests-resources.sh\"\n";
			showEnvVarsInLog = 0;
		};
/* End PBXShellScriptBuildPhase section */

/* Begin PBXSourcesBuildPhase section */
		4E8F50DF1DC1E3C3001303AD /* Sources */ = {
			isa = PBXSourcesBuildPhase;
			buildActionMask = 2147483647;
			files = (
				4EA9EE921DCC705E004793B7 /* RecommendCycleView.swift in Sources */,
				4E8F50E71DC1E3C3001303AD /* AppDelegate.swift in Sources */,
				4E56A2D41DC973AF004C5FA8 /* CollectionHeaderView.swift in Sources */,
				4E1027BD1DC6DB0F0019BEC7 /* UIColor-Extension.swift in Sources */,
				4E12F5601DC86AC5001E4D1B /* RecommendViewController.swift in Sources */,
				4E2057B01DCB0ADC00A76C0E /* AnchorGroup.swift in Sources */,
				4E2057AC1DCAE3A900A76C0E /* RecommenViewModel.swift in Sources */,
				4E54A4441DC2E6BB00072FDE /* MainViewController.swift in Sources */,
				4E54A45A1DC339AB00072FDE /* PageTitleView.swift in Sources */,
				4E1027BB1DC6D5AE0019BEC7 /* PageContentView.swift in Sources */,
				4E54A4581DC325DC00072FDE /* UIBarButtonItem-Extension.swift in Sources */,
				4E54A45C1DC33CFE00072FDE /* Common.swift in Sources */,
				4E2057AE1DCAEB8600A76C0E /* NSDate-Extension.swift in Sources */,
				4EA9EE901DCC6736004793B7 /* CollectionBaseCell.swift in Sources */,
				4E56A2DC1DC98865004C5FA8 /* CollectionPrettyCell.swift in Sources */,
				4E56A2D81DC97CBF004C5FA8 /* CollectionNormalCell.swift in Sources */,
				4E2057A91DCAD7F500A76C0E /* NetworkTools.swift in Sources */,
				4E54A4551DC2F04C00072FDE /* HomeViewController.swift in Sources */,
				4E2057B21DCB17D600A76C0E /* AnchorModel.swift in Sources */,
			);
			runOnlyForDeploymentPostprocessing = 0;
		};
		4E8F50F31DC1E3C5001303AD /* Sources */ = {
			isa = PBXSourcesBuildPhase;
			buildActionMask = 2147483647;
			files = (
				4E8F50FC1DC1E3C5001303AD /* DYTVTests.swift in Sources */,
			);
			runOnlyForDeploymentPostprocessing = 0;
		};
		4E8F50FE1DC1E3C5001303AD /* Sources */ = {
			isa = PBXSourcesBuildPhase;
			buildActionMask = 2147483647;
			files = (
				4E8F51071DC1E3C5001303AD /* DYTVUITests.swift in Sources */,
			);
			runOnlyForDeploymentPostprocessing = 0;
		};
/* End PBXSourcesBuildPhase section */

/* Begin PBXTargetDependency section */
		4E8F50F91DC1E3C5001303AD /* PBXTargetDependency */ = {
			isa = PBXTargetDependency;
			target = 4E8F50E21DC1E3C3001303AD /* DYTV */;
			targetProxy = 4E8F50F81DC1E3C5001303AD /* PBXContainerItemProxy */;
		};
		4E8F51041DC1E3C5001303AD /* PBXTargetDependency */ = {
			isa = PBXTargetDependency;
			target = 4E8F50E21DC1E3C3001303AD /* DYTV */;
			targetProxy = 4E8F51031DC1E3C5001303AD /* PBXContainerItemProxy */;
		};
/* End PBXTargetDependency section */

/* Begin PBXVariantGroup section */
		4E54A4391DC2E04500072FDE /* Home.storyboard */ = {
			isa = PBXVariantGroup;
			children = (
				4E54A43A1DC2E04500072FDE /* Base */,
			);
			name = Home.storyboard;
			path = ../../Main;
			sourceTree = "<group>";
		};
		4E54A43E1DC2E0B100072FDE /* Follow.storyboard */ = {
			isa = PBXVariantGroup;
			children = (
				4E54A43F1DC2E0B100072FDE /* Base */,
			);
			name = Follow.storyboard;
			path = ../../Main;
			sourceTree = "<group>";
		};
		4E8F50EA1DC1E3C3001303AD /* Main.storyboard */ = {
			isa = PBXVariantGroup;
			children = (
				4E8F50EB1DC1E3C3001303AD /* Base */,
			);
			name = Main.storyboard;
			path = ../../..;
			sourceTree = "<group>";
		};
		4E8F50EF1DC1E3C4001303AD /* LaunchScreen.storyboard */ = {
			isa = PBXVariantGroup;
			children = (
				4E8F50F01DC1E3C4001303AD /* Base */,
			);
			name = LaunchScreen.storyboard;
			sourceTree = "<group>";
		};
/* End PBXVariantGroup section */

/* Begin XCBuildConfiguration section */
		4E8F51091DC1E3C5001303AD /* Debug */ = {
			isa = XCBuildConfiguration;
			buildSettings = {
				ALWAYS_SEARCH_USER_PATHS = NO;
				CLANG_ANALYZER_NONNULL = YES;
				CLANG_CXX_LANGUAGE_STANDARD = "gnu++0x";
				CLANG_CXX_LIBRARY = "libc++";
				CLANG_ENABLE_MODULES = YES;
				CLANG_ENABLE_OBJC_ARC = YES;
				CLANG_WARN_BOOL_CONVERSION = YES;
				CLANG_WARN_CONSTANT_CONVERSION = YES;
				CLANG_WARN_DIRECT_OBJC_ISA_USAGE = YES_ERROR;
				CLANG_WARN_DOCUMENTATION_COMMENTS = YES;
				CLANG_WARN_EMPTY_BODY = YES;
				CLANG_WARN_ENUM_CONVERSION = YES;
				CLANG_WARN_INFINITE_RECURSION = YES;
				CLANG_WARN_INT_CONVERSION = YES;
				CLANG_WARN_OBJC_ROOT_CLASS = YES_ERROR;
				CLANG_WARN_SUSPICIOUS_MOVES = YES;
				CLANG_WARN_UNREACHABLE_CODE = YES;
				CLANG_WARN__DUPLICATE_METHOD_MATCH = YES;
				"CODE_SIGN_IDENTITY[sdk=iphoneos*]" = "iPhone Developer";
				COPY_PHASE_STRIP = NO;
				DEBUG_INFORMATION_FORMAT = dwarf;
				ENABLE_STRICT_OBJC_MSGSEND = YES;
				ENABLE_TESTABILITY = YES;
				GCC_C_LANGUAGE_STANDARD = gnu99;
				GCC_DYNAMIC_NO_PIC = NO;
				GCC_NO_COMMON_BLOCKS = YES;
				GCC_OPTIMIZATION_LEVEL = 0;
				GCC_PREPROCESSOR_DEFINITIONS = (
					"DEBUG=1",
					"$(inherited)",
				);
				GCC_WARN_64_TO_32_BIT_CONVERSION = YES;
				GCC_WARN_ABOUT_RETURN_TYPE = YES_ERROR;
				GCC_WARN_UNDECLARED_SELECTOR = YES;
				GCC_WARN_UNINITIALIZED_AUTOS = YES_AGGRESSIVE;
				GCC_WARN_UNUSED_FUNCTION = YES;
				GCC_WARN_UNUSED_VARIABLE = YES;
				IPHONEOS_DEPLOYMENT_TARGET = 10.0;
				MTL_ENABLE_DEBUG_INFO = YES;
				ONLY_ACTIVE_ARCH = YES;
				SDKROOT = iphoneos;
				SWIFT_ACTIVE_COMPILATION_CONDITIONS = DEBUG;
				SWIFT_OPTIMIZATION_LEVEL = "-Onone";
			};
			name = Debug;
		};
		4E8F510A1DC1E3C5001303AD /* Release */ = {
			isa = XCBuildConfiguration;
			buildSettings = {
				ALWAYS_SEARCH_USER_PATHS = NO;
				CLANG_ANALYZER_NONNULL = YES;
				CLANG_CXX_LANGUAGE_STANDARD = "gnu++0x";
				CLANG_CXX_LIBRARY = "libc++";
				CLANG_ENABLE_MODULES = YES;
				CLANG_ENABLE_OBJC_ARC = YES;
				CLANG_WARN_BOOL_CONVERSION = YES;
				CLANG_WARN_CONSTANT_CONVERSION = YES;
				CLANG_WARN_DIRECT_OBJC_ISA_USAGE = YES_ERROR;
				CLANG_WARN_DOCUMENTATION_COMMENTS = YES;
				CLANG_WARN_EMPTY_BODY = YES;
				CLANG_WARN_ENUM_CONVERSION = YES;
				CLANG_WARN_INFINITE_RECURSION = YES;
				CLANG_WARN_INT_CONVERSION = YES;
				CLANG_WARN_OBJC_ROOT_CLASS = YES_ERROR;
				CLANG_WARN_SUSPICIOUS_MOVES = YES;
				CLANG_WARN_UNREACHABLE_CODE = YES;
				CLANG_WARN__DUPLICATE_METHOD_MATCH = YES;
				"CODE_SIGN_IDENTITY[sdk=iphoneos*]" = "iPhone Developer";
				COPY_PHASE_STRIP = NO;
				DEBUG_INFORMATION_FORMAT = "dwarf-with-dsym";
				ENABLE_NS_ASSERTIONS = NO;
				ENABLE_STRICT_OBJC_MSGSEND = YES;
				GCC_C_LANGUAGE_STANDARD = gnu99;
				GCC_NO_COMMON_BLOCKS = YES;
				GCC_WARN_64_TO_32_BIT_CONVERSION = YES;
				GCC_WARN_ABOUT_RETURN_TYPE = YES_ERROR;
				GCC_WARN_UNDECLARED_SELECTOR = YES;
				GCC_WARN_UNINITIALIZED_AUTOS = YES_AGGRESSIVE;
				GCC_WARN_UNUSED_FUNCTION = YES;
				GCC_WARN_UNUSED_VARIABLE = YES;
				IPHONEOS_DEPLOYMENT_TARGET = 10.0;
				MTL_ENABLE_DEBUG_INFO = NO;
				SDKROOT = iphoneos;
				SWIFT_OPTIMIZATION_LEVEL = "-Owholemodule";
				VALIDATE_PRODUCT = YES;
			};
			name = Release;
		};
		4E8F510C1DC1E3C5001303AD /* Debug */ = {
			isa = XCBuildConfiguration;
			baseConfigurationReference = 6F3C4B30298BCFE6C3B88D4E /* Pods-DYTV.debug.xcconfig */;
			buildSettings = {
				ASSETCATALOG_COMPILER_APPICON_NAME = AppIcon;
				ASSETCATALOG_COMPILER_LAUNCHIMAGE_NAME = LaunchImage;
				INFOPLIST_FILE = DYTV/Info.plist;
				IPHONEOS_DEPLOYMENT_TARGET = 9.0;
				LD_RUNPATH_SEARCH_PATHS = "$(inherited) @executable_path/Frameworks";
				PRODUCT_BUNDLE_IDENTIFIER = net.people2000.DYTV;
				PRODUCT_NAME = "$(TARGET_NAME)";
				SWIFT_VERSION = 3.0;
			};
			name = Debug;
		};
		4E8F510D1DC1E3C5001303AD /* Release */ = {
			isa = XCBuildConfiguration;
			baseConfigurationReference = C7DD2D3A9F0D711ADB54B060 /* Pods-DYTV.release.xcconfig */;
			buildSettings = {
				ASSETCATALOG_COMPILER_APPICON_NAME = AppIcon;
				ASSETCATALOG_COMPILER_LAUNCHIMAGE_NAME = LaunchImage;
				INFOPLIST_FILE = DYTV/Info.plist;
				IPHONEOS_DEPLOYMENT_TARGET = 9.0;
				LD_RUNPATH_SEARCH_PATHS = "$(inherited) @executable_path/Frameworks";
				PRODUCT_BUNDLE_IDENTIFIER = net.people2000.DYTV;
				PRODUCT_NAME = "$(TARGET_NAME)";
				SWIFT_VERSION = 3.0;
			};
			name = Release;
		};
		4E8F510F1DC1E3C5001303AD /* Debug */ = {
			isa = XCBuildConfiguration;
			baseConfigurationReference = DFB2F6D18A41DD03D5F0AFC7 /* Pods-DYTVTests.debug.xcconfig */;
			buildSettings = {
				ALWAYS_EMBED_SWIFT_STANDARD_LIBRARIES = YES;
				BUNDLE_LOADER = "$(TEST_HOST)";
				INFOPLIST_FILE = DYTVTests/Info.plist;
				LD_RUNPATH_SEARCH_PATHS = "$(inherited) @executable_path/Frameworks @loader_path/Frameworks";
				PRODUCT_BUNDLE_IDENTIFIER = net.people2000.DYTVTests;
				PRODUCT_NAME = "$(TARGET_NAME)";
				SWIFT_VERSION = 3.0;
				TEST_HOST = "$(BUILT_PRODUCTS_DIR)/DYTV.app/DYTV";
			};
			name = Debug;
		};
		4E8F51101DC1E3C5001303AD /* Release */ = {
			isa = XCBuildConfiguration;
			baseConfigurationReference = DD3138C99A42416374CCB5E0 /* Pods-DYTVTests.release.xcconfig */;
			buildSettings = {
				ALWAYS_EMBED_SWIFT_STANDARD_LIBRARIES = YES;
				BUNDLE_LOADER = "$(TEST_HOST)";
				INFOPLIST_FILE = DYTVTests/Info.plist;
				LD_RUNPATH_SEARCH_PATHS = "$(inherited) @executable_path/Frameworks @loader_path/Frameworks";
				PRODUCT_BUNDLE_IDENTIFIER = net.people2000.DYTVTests;
				PRODUCT_NAME = "$(TARGET_NAME)";
				SWIFT_VERSION = 3.0;
				TEST_HOST = "$(BUILT_PRODUCTS_DIR)/DYTV.app/DYTV";
			};
			name = Release;
		};
		4E8F51121DC1E3C5001303AD /* Debug */ = {
			isa = XCBuildConfiguration;
			baseConfigurationReference = AD8DB6DA62CF4927C2392E53 /* Pods-DYTVUITests.debug.xcconfig */;
			buildSettings = {
				ALWAYS_EMBED_SWIFT_STANDARD_LIBRARIES = YES;
				INFOPLIST_FILE = DYTVUITests/Info.plist;
				LD_RUNPATH_SEARCH_PATHS = "$(inherited) @executable_path/Frameworks @loader_path/Frameworks";
				PRODUCT_BUNDLE_IDENTIFIER = net.people2000.DYTVUITests;
				PRODUCT_NAME = "$(TARGET_NAME)";
				SWIFT_VERSION = 3.0;
				TEST_TARGET_NAME = DYTV;
			};
			name = Debug;
		};
		4E8F51131DC1E3C5001303AD /* Release */ = {
			isa = XCBuildConfiguration;
			baseConfigurationReference = 96A6CF5B00C6E0E6AE71D5AA /* Pods-DYTVUITests.release.xcconfig */;
			buildSettings = {
				ALWAYS_EMBED_SWIFT_STANDARD_LIBRARIES = YES;
				INFOPLIST_FILE = DYTVUITests/Info.plist;
				LD_RUNPATH_SEARCH_PATHS = "$(inherited) @executable_path/Frameworks @loader_path/Frameworks";
				PRODUCT_BUNDLE_IDENTIFIER = net.people2000.DYTVUITests;
				PRODUCT_NAME = "$(TARGET_NAME)";
				SWIFT_VERSION = 3.0;
				TEST_TARGET_NAME = DYTV;
			};
			name = Release;
		};
/* End XCBuildConfiguration section */

/* Begin XCConfigurationList section */
		4E8F50DE1DC1E3C2001303AD /* Build configuration list for PBXProject "DYTV" */ = {
			isa = XCConfigurationList;
			buildConfigurations = (
				4E8F51091DC1E3C5001303AD /* Debug */,
				4E8F510A1DC1E3C5001303AD /* Release */,
			);
			defaultConfigurationIsVisible = 0;
			defaultConfigurationName = Release;
		};
		4E8F510B1DC1E3C5001303AD /* Build configuration list for PBXNativeTarget "DYTV" */ = {
			isa = XCConfigurationList;
			buildConfigurations = (
				4E8F510C1DC1E3C5001303AD /* Debug */,
				4E8F510D1DC1E3C5001303AD /* Release */,
			);
			defaultConfigurationIsVisible = 0;
			defaultConfigurationName = Release;
		};
		4E8F510E1DC1E3C5001303AD /* Build configuration list for PBXNativeTarget "DYTVTests" */ = {
			isa = XCConfigurationList;
			buildConfigurations = (
				4E8F510F1DC1E3C5001303AD /* Debug */,
				4E8F51101DC1E3C5001303AD /* Release */,
			);
			defaultConfigurationIsVisible = 0;
			defaultConfigurationName = Release;
		};
		4E8F51111DC1E3C5001303AD /* Build configuration list for PBXNativeTarget "DYTVUITests" */ = {
			isa = XCConfigurationList;
			buildConfigurations = (
				4E8F51121DC1E3C5001303AD /* Debug */,
				4E8F51131DC1E3C5001303AD /* Release */,
			);
			defaultConfigurationIsVisible = 0;
			defaultConfigurationName = Release;
		};
/* End XCConfigurationList section */
	};
	rootObject = 4E8F50DB1DC1E3C2001303AD /* Project object */;
}
